
Microsoft Visual Studio Solution File, Format Version 12.00
# Visual Studio Version 17
VisualStudioVersion = 17.11.35327.3
MinimumVisualStudioVersion = 10.0.40219.1
Project("{FAE04EC0-301F-11D3-BF4B-00C04F79EFBC}") = "Ejercicio 7", "Ejercicio 7.csproj", "{8F492CCE-4C02-4D99-B13E-89B67AC3C057}"
EndProject
Global
	GlobalSection(SolutionConfigurationPlatforms) = preSolution
		Debug|Any CPU = Debug|Any CPU
		Release|Any CPU = Release|Any CPU
	EndGlobalSection
	GlobalSection(ProjectConfigurationPlatforms) = postSolution
		{8F492CCE-4C02-4D99-B13E-89B67AC3C057}.Debug|Any CPU.ActiveCfg = Debug|Any CPU
		{8F492CCE-4C02-4D99-B13E-89B67AC3C057}.Debug|Any CPU.Build.0 = Debug|Any CPU
		{8F492CCE-4C02-4D99-B13E-89B67AC3C057}.Release|Any CPU.ActiveCfg = Release|Any CPU
		{8F492CCE-4C02-4D99-B13E-89B67AC3C057}.Release|Any CPU.Build.0 = Release|Any CPU
	EndGlobalSection
	GlobalSection(SolutionProperties) = preSolution
		HideSolutionNode = FALSE
	EndGlobalSection
	GlobalSection(ExtensibilityGlobals) = postSolution
		SolutionGuid = {A696CFA4-28F8-4150-A983-49E5C345F5CD}
	EndGlobalSection
EndGlobal
