
Microsoft Visual Studio Solution File, Format Version 12.00
# Visual Studio Version 17
VisualStudioVersion = 17.11.35327.3
MinimumVisualStudioVersion = 10.0.40219.1
Project("{FAE04EC0-301F-11D3-BF4B-00C04F79EFBC}") = "Ejercicio 12", "Ejercicio 12.csproj", "{0183AEFA-E1D4-47C4-80B2-9F8CA7488E8A}"
EndProject
Global
	GlobalSection(SolutionConfigurationPlatforms) = preSolution
		Debug|Any CPU = Debug|Any CPU
		Release|Any CPU = Release|Any CPU
	EndGlobalSection
	GlobalSection(ProjectConfigurationPlatforms) = postSolution
		{0183AEFA-E1D4-47C4-80B2-9F8CA7488E8A}.Debug|Any CPU.ActiveCfg = Debug|Any CPU
		{0183AEFA-E1D4-47C4-80B2-9F8CA7488E8A}.Debug|Any CPU.Build.0 = Debug|Any CPU
		{0183AEFA-E1D4-47C4-80B2-9F8CA7488E8A}.Release|Any CPU.ActiveCfg = Release|Any CPU
		{0183AEFA-E1D4-47C4-80B2-9F8CA7488E8A}.Release|Any CPU.Build.0 = Release|Any CPU
	EndGlobalSection
	GlobalSection(SolutionProperties) = preSolution
		HideSolutionNode = FALSE
	EndGlobalSection
	GlobalSection(ExtensibilityGlobals) = postSolution
		SolutionGuid = {FE12D4B4-4AC9-495C-A60E-73C5F9BF2B05}
	EndGlobalSection
EndGlobal
