
Microsoft Visual Studio Solution File, Format Version 12.00
# Visual Studio Version 17
VisualStudioVersion = 17.11.35327.3
MinimumVisualStudioVersion = 10.0.40219.1
Project("{FAE04EC0-301F-11D3-BF4B-00C04F79EFBC}") = "Practica 7", "Practica 7.csproj", "{FD00726E-CA41-458A-8DC3-B1401EEDC19C}"
EndProject
Global
	GlobalSection(SolutionConfigurationPlatforms) = preSolution
		Debug|Any CPU = Debug|Any CPU
		Release|Any CPU = Release|Any CPU
	EndGlobalSection
	GlobalSection(ProjectConfigurationPlatforms) = postSolution
		{FD00726E-CA41-458A-8DC3-B1401EEDC19C}.Debug|Any CPU.ActiveCfg = Debug|Any CPU
		{FD00726E-CA41-458A-8DC3-B1401EEDC19C}.Debug|Any CPU.Build.0 = Debug|Any CPU
		{FD00726E-CA41-458A-8DC3-B1401EEDC19C}.Release|Any CPU.ActiveCfg = Release|Any CPU
		{FD00726E-CA41-458A-8DC3-B1401EEDC19C}.Release|Any CPU.Build.0 = Release|Any CPU
	EndGlobalSection
	GlobalSection(SolutionProperties) = preSolution
		HideSolutionNode = FALSE
	EndGlobalSection
	GlobalSection(ExtensibilityGlobals) = postSolution
		SolutionGuid = {8529990E-6BAB-46A2-AFA0-2155CF4A327C}
	EndGlobalSection
EndGlobal
