
Microsoft Visual Studio Solution File, Format Version 12.00
# Visual Studio Version 17
VisualStudioVersion = 17.11.35327.3
MinimumVisualStudioVersion = 10.0.40219.1
Project("{FAE04EC0-301F-11D3-BF4B-00C04F79EFBC}") = "Practica 2", "Practica 2.csproj", "{1BC79F7C-2A41-40C6-BA66-4A981F2107C6}"
EndProject
Global
	GlobalSection(SolutionConfigurationPlatforms) = preSolution
		Debug|Any CPU = Debug|Any CPU
		Release|Any CPU = Release|Any CPU
	EndGlobalSection
	GlobalSection(ProjectConfigurationPlatforms) = postSolution
		{1BC79F7C-2A41-40C6-BA66-4A981F2107C6}.Debug|Any CPU.ActiveCfg = Debug|Any CPU
		{1BC79F7C-2A41-40C6-BA66-4A981F2107C6}.Debug|Any CPU.Build.0 = Debug|Any CPU
		{1BC79F7C-2A41-40C6-BA66-4A981F2107C6}.Release|Any CPU.ActiveCfg = Release|Any CPU
		{1BC79F7C-2A41-40C6-BA66-4A981F2107C6}.Release|Any CPU.Build.0 = Release|Any CPU
	EndGlobalSection
	GlobalSection(SolutionProperties) = preSolution
		HideSolutionNode = FALSE
	EndGlobalSection
	GlobalSection(ExtensibilityGlobals) = postSolution
		SolutionGuid = {1A6699F0-80F2-4905-962E-B40029C0EE97}
	EndGlobalSection
EndGlobal
