
Microsoft Visual Studio Solution File, Format Version 12.00
# Visual Studio Version 17
VisualStudioVersion = 17.11.35327.3
MinimumVisualStudioVersion = 10.0.40219.1
Project("{FAE04EC0-301F-11D3-BF4B-00C04F79EFBC}") = "Ejercicio 5", "Ejercicio 5.csproj", "{4E7A73E4-DB1A-4BBB-B24A-3BAD26B7AD98}"
EndProject
Global
	GlobalSection(SolutionConfigurationPlatforms) = preSolution
		Debug|Any CPU = Debug|Any CPU
		Release|Any CPU = Release|Any CPU
	EndGlobalSection
	GlobalSection(ProjectConfigurationPlatforms) = postSolution
		{4E7A73E4-DB1A-4BBB-B24A-3BAD26B7AD98}.Debug|Any CPU.ActiveCfg = Debug|Any CPU
		{4E7A73E4-DB1A-4BBB-B24A-3BAD26B7AD98}.Debug|Any CPU.Build.0 = Debug|Any CPU
		{4E7A73E4-DB1A-4BBB-B24A-3BAD26B7AD98}.Release|Any CPU.ActiveCfg = Release|Any CPU
		{4E7A73E4-DB1A-4BBB-B24A-3BAD26B7AD98}.Release|Any CPU.Build.0 = Release|Any CPU
	EndGlobalSection
	GlobalSection(SolutionProperties) = preSolution
		HideSolutionNode = FALSE
	EndGlobalSection
	GlobalSection(ExtensibilityGlobals) = postSolution
		SolutionGuid = {56C75607-C644-4B3B-A95E-BAEDCC1BDAB5}
	EndGlobalSection
EndGlobal
