
Microsoft Visual Studio Solution File, Format Version 12.00
# Visual Studio Version 17
VisualStudioVersion = 17.11.35327.3
MinimumVisualStudioVersion = 10.0.40219.1
Project("{FAE04EC0-301F-11D3-BF4B-00C04F79EFBC}") = "Ejercicio 2", "Ejercicio 2.csproj", "{466BC75F-481C-4729-9F8C-87450B3938D3}"
EndProject
Global
	GlobalSection(SolutionConfigurationPlatforms) = preSolution
		Debug|Any CPU = Debug|Any CPU
		Release|Any CPU = Release|Any CPU
	EndGlobalSection
	GlobalSection(ProjectConfigurationPlatforms) = postSolution
		{466BC75F-481C-4729-9F8C-87450B3938D3}.Debug|Any CPU.ActiveCfg = Debug|Any CPU
		{466BC75F-481C-4729-9F8C-87450B3938D3}.Debug|Any CPU.Build.0 = Debug|Any CPU
		{466BC75F-481C-4729-9F8C-87450B3938D3}.Release|Any CPU.ActiveCfg = Release|Any CPU
		{466BC75F-481C-4729-9F8C-87450B3938D3}.Release|Any CPU.Build.0 = Release|Any CPU
	EndGlobalSection
	GlobalSection(SolutionProperties) = preSolution
		HideSolutionNode = FALSE
	EndGlobalSection
	GlobalSection(ExtensibilityGlobals) = postSolution
		SolutionGuid = {1270CA33-FE0F-4577-81D6-F87A31287218}
	EndGlobalSection
EndGlobal
